
Microsoft Visual Studio Solution File, Format Version 12.00
# Visual Studio 2012
Project("{F184B08F-C81C-45F6-A57F-5ABD9991F28F}") = "ProfessionalASPNet45-03VB", "ProfessionalASPNet45-03VB\ProfessionalASPNet45-03VB.vbproj", "{D8F780AC-0F6F-473A-86DF-C216EDA0CA72}"
EndProject
Project("{FAE04EC0-301F-11D3-BF4B-00C04F79EFBC}") = "ProfessionalASPNet45-03CS", "ProfessionalASPNet45-03CS\ProfessionalASPNet45-03CS.csproj", "{44E08FE8-CDF6-48B3-B85E-729EB5B1EC2E}"
EndProject
Project("{FAE04EC0-301F-11D3-BF4B-00C04F79EFBC}") = "CarBuildProvider-CS", "CarBuildProvider-CS\CarBuildProvider-CS.csproj", "{DCE8F1D0-8421-45BD-8249-85057C2832D5}"
EndProject
Project("{F184B08F-C81C-45F6-A57F-5ABD9991F28F}") = "CarBuildProvider-VB", "CarBuildProvider-VB\CarBuildProvider-VB.vbproj", "{92AA12CB-823B-4903-A2C5-A5B40876CC70}"
EndProject
Project("{E24C65DC-7377-472B-9ABA-BC803B73C61A}") = "Chapter03-CS", "Chapter03-CS\", "{A260F44F-135F-45EB-9AC1-6CA9A9F57482}"
	ProjectSection(WebsiteProperties) = preProject
		TargetFrameworkMoniker = ".NETFramework,Version%3Dv4.5"
		Debug.AspNetCompiler.VirtualPath = "/Chapter03-CS"
		Debug.AspNetCompiler.PhysicalPath = "Chapter03-CS\"
		Debug.AspNetCompiler.TargetPath = "PrecompiledWeb\Chapter03-CS\"
		Debug.AspNetCompiler.Updateable = "true"
		Debug.AspNetCompiler.ForceOverwrite = "true"
		Debug.AspNetCompiler.FixedNames = "false"
		Debug.AspNetCompiler.Debug = "True"
		Release.AspNetCompiler.VirtualPath = "/Chapter03-CS"
		Release.AspNetCompiler.PhysicalPath = "Chapter03-CS\"
		Release.AspNetCompiler.TargetPath = "PrecompiledWeb\Chapter03-CS\"
		Release.AspNetCompiler.Updateable = "true"
		Release.AspNetCompiler.ForceOverwrite = "true"
		Release.AspNetCompiler.FixedNames = "false"
		Release.AspNetCompiler.Debug = "False"
		VWDPort = "13432"
	EndProjectSection
EndProject
Project("{E24C65DC-7377-472B-9ABA-BC803B73C61A}") = "Chapter03-VB", "Chapter03-VB\", "{D96AC670-4DC8-4C37-A557-4748D25FA5A5}"
	ProjectSection(WebsiteProperties) = preProject
		TargetFrameworkMoniker = ".NETFramework,Version%3Dv4.5"
		Debug.AspNetCompiler.VirtualPath = "/Chapter03-VB"
		Debug.AspNetCompiler.PhysicalPath = "Chapter03-VB\"
		Debug.AspNetCompiler.TargetPath = "PrecompiledWeb\Chapter03-VB\"
		Debug.AspNetCompiler.Updateable = "true"
		Debug.AspNetCompiler.ForceOverwrite = "true"
		Debug.AspNetCompiler.FixedNames = "false"
		Debug.AspNetCompiler.Debug = "True"
		Release.AspNetCompiler.VirtualPath = "/Chapter03-VB"
		Release.AspNetCompiler.PhysicalPath = "Chapter03-VB\"
		Release.AspNetCompiler.TargetPath = "PrecompiledWeb\Chapter03-VB\"
		Release.AspNetCompiler.Updateable = "true"
		Release.AspNetCompiler.ForceOverwrite = "true"
		Release.AspNetCompiler.FixedNames = "false"
		Release.AspNetCompiler.Debug = "False"
		VWDPort = "13433"
	EndProjectSection
EndProject
Global
	GlobalSection(SolutionConfigurationPlatforms) = preSolution
		Debug|Any CPU = Debug|Any CPU
		Release|Any CPU = Release|Any CPU
	EndGlobalSection
	GlobalSection(ProjectConfigurationPlatforms) = postSolution
		{D8F780AC-0F6F-473A-86DF-C216EDA0CA72}.Debug|Any CPU.ActiveCfg = Debug|Any CPU
		{D8F780AC-0F6F-473A-86DF-C216EDA0CA72}.Debug|Any CPU.Build.0 = Debug|Any CPU
		{D8F780AC-0F6F-473A-86DF-C216EDA0CA72}.Release|Any CPU.ActiveCfg = Release|Any CPU
		{D8F780AC-0F6F-473A-86DF-C216EDA0CA72}.Release|Any CPU.Build.0 = Release|Any CPU
		{44E08FE8-CDF6-48B3-B85E-729EB5B1EC2E}.Debug|Any CPU.ActiveCfg = Debug|Any CPU
		{44E08FE8-CDF6-48B3-B85E-729EB5B1EC2E}.Debug|Any CPU.Build.0 = Debug|Any CPU
		{44E08FE8-CDF6-48B3-B85E-729EB5B1EC2E}.Release|Any CPU.ActiveCfg = Release|Any CPU
		{44E08FE8-CDF6-48B3-B85E-729EB5B1EC2E}.Release|Any CPU.Build.0 = Release|Any CPU
		{DCE8F1D0-8421-45BD-8249-85057C2832D5}.Debug|Any CPU.ActiveCfg = Debug|Any CPU
		{DCE8F1D0-8421-45BD-8249-85057C2832D5}.Debug|Any CPU.Build.0 = Debug|Any CPU
		{DCE8F1D0-8421-45BD-8249-85057C2832D5}.Release|Any CPU.ActiveCfg = Release|Any CPU
		{DCE8F1D0-8421-45BD-8249-85057C2832D5}.Release|Any CPU.Build.0 = Release|Any CPU
		{92AA12CB-823B-4903-A2C5-A5B40876CC70}.Debug|Any CPU.ActiveCfg = Debug|Any CPU
		{92AA12CB-823B-4903-A2C5-A5B40876CC70}.Debug|Any CPU.Build.0 = Debug|Any CPU
		{92AA12CB-823B-4903-A2C5-A5B40876CC70}.Release|Any CPU.ActiveCfg = Release|Any CPU
		{92AA12CB-823B-4903-A2C5-A5B40876CC70}.Release|Any CPU.Build.0 = Release|Any CPU
		{A260F44F-135F-45EB-9AC1-6CA9A9F57482}.Debug|Any CPU.ActiveCfg = Debug|Any CPU
		{A260F44F-135F-45EB-9AC1-6CA9A9F57482}.Debug|Any CPU.Build.0 = Debug|Any CPU
		{A260F44F-135F-45EB-9AC1-6CA9A9F57482}.Release|Any CPU.ActiveCfg = Debug|Any CPU
		{A260F44F-135F-45EB-9AC1-6CA9A9F57482}.Release|Any CPU.Build.0 = Debug|Any CPU
		{D96AC670-4DC8-4C37-A557-4748D25FA5A5}.Debug|Any CPU.ActiveCfg = Debug|Any CPU
		{D96AC670-4DC8-4C37-A557-4748D25FA5A5}.Debug|Any CPU.Build.0 = Debug|Any CPU
		{D96AC670-4DC8-4C37-A557-4748D25FA5A5}.Release|Any CPU.ActiveCfg = Debug|Any CPU
		{D96AC670-4DC8-4C37-A557-4748D25FA5A5}.Release|Any CPU.Build.0 = Debug|Any CPU
	EndGlobalSection
	GlobalSection(SolutionProperties) = preSolution
		HideSolutionNode = FALSE
	EndGlobalSection
EndGlobal
