
Microsoft Visual Studio Solution File, Format Version 12.00
# Visual Studio 2012
Project("{FAE04EC0-301F-11D3-BF4B-00C04F79EFBC}") = "HTMLMobileCS", "CS\HTMLMobileCS\HTMLMobileCS.csproj", "{DA75F7ED-1397-413C-9B0D-F845CB907E37}"
EndProject
Project("{2150E333-8FDC-42A3-9474-1A3956D46DE8}") = "CS", "CS", "{EA7362EB-A0D8-4CE9-AEBF-EACE4E6689C2}"
EndProject
Project("{2150E333-8FDC-42A3-9474-1A3956D46DE8}") = "VB", "VB", "{9649AD4E-4331-4959-B50B-57C13726D9AF}"
EndProject
Project("{F184B08F-C81C-45F6-A57F-5ABD9991F28F}") = "HTMLMobileVB", "VB\HTMLMobileVB\HTMLMobileVB.vbproj", "{39942B87-99E7-4C40-BBEF-150869939C3E}"
EndProject
Project("{FAE04EC0-301F-11D3-BF4B-00C04F79EFBC}") = "WebFormsMobileCS", "CS\WebFormsMobileCS\WebFormsMobileCS.csproj", "{B106D4A0-71C3-4E47-A2CC-A869FB5B5D34}"
EndProject
Project("{F184B08F-C81C-45F6-A57F-5ABD9991F28F}") = "WebFormsMobileVB", "VB\WebFormsMobileVB\WebFormsMobileVB.vbproj", "{E026BA61-127C-49BE-A02C-13094598410F}"
EndProject
Project("{F184B08F-C81C-45F6-A57F-5ABD9991F28F}") = "MvcMobileVB", "VB\MvcMobileVB\MvcMobileVB.vbproj", "{1A6E4A14-20DF-4E87-BA99-2C832AE338CB}"
EndProject
Project("{FAE04EC0-301F-11D3-BF4B-00C04F79EFBC}") = "MvcMobileCS", "CS\MvcMobileCS\MvcMobileCS.csproj", "{510E4B67-9C81-4BE6-AEB4-0EF4BC7F2916}"
EndProject
Global
	GlobalSection(SolutionConfigurationPlatforms) = preSolution
		Debug|Any CPU = Debug|Any CPU
		Release|Any CPU = Release|Any CPU
	EndGlobalSection
	GlobalSection(ProjectConfigurationPlatforms) = postSolution
		{DA75F7ED-1397-413C-9B0D-F845CB907E37}.Debug|Any CPU.ActiveCfg = Debug|Any CPU
		{DA75F7ED-1397-413C-9B0D-F845CB907E37}.Debug|Any CPU.Build.0 = Debug|Any CPU
		{DA75F7ED-1397-413C-9B0D-F845CB907E37}.Release|Any CPU.ActiveCfg = Release|Any CPU
		{DA75F7ED-1397-413C-9B0D-F845CB907E37}.Release|Any CPU.Build.0 = Release|Any CPU
		{39942B87-99E7-4C40-BBEF-150869939C3E}.Debug|Any CPU.ActiveCfg = Debug|Any CPU
		{39942B87-99E7-4C40-BBEF-150869939C3E}.Debug|Any CPU.Build.0 = Debug|Any CPU
		{39942B87-99E7-4C40-BBEF-150869939C3E}.Release|Any CPU.ActiveCfg = Release|Any CPU
		{39942B87-99E7-4C40-BBEF-150869939C3E}.Release|Any CPU.Build.0 = Release|Any CPU
		{B106D4A0-71C3-4E47-A2CC-A869FB5B5D34}.Debug|Any CPU.ActiveCfg = Debug|Any CPU
		{B106D4A0-71C3-4E47-A2CC-A869FB5B5D34}.Debug|Any CPU.Build.0 = Debug|Any CPU
		{B106D4A0-71C3-4E47-A2CC-A869FB5B5D34}.Release|Any CPU.ActiveCfg = Release|Any CPU
		{B106D4A0-71C3-4E47-A2CC-A869FB5B5D34}.Release|Any CPU.Build.0 = Release|Any CPU
		{E026BA61-127C-49BE-A02C-13094598410F}.Debug|Any CPU.ActiveCfg = Debug|Any CPU
		{E026BA61-127C-49BE-A02C-13094598410F}.Debug|Any CPU.Build.0 = Debug|Any CPU
		{E026BA61-127C-49BE-A02C-13094598410F}.Release|Any CPU.ActiveCfg = Release|Any CPU
		{E026BA61-127C-49BE-A02C-13094598410F}.Release|Any CPU.Build.0 = Release|Any CPU
		{1A6E4A14-20DF-4E87-BA99-2C832AE338CB}.Debug|Any CPU.ActiveCfg = Debug|Any CPU
		{1A6E4A14-20DF-4E87-BA99-2C832AE338CB}.Debug|Any CPU.Build.0 = Debug|Any CPU
		{1A6E4A14-20DF-4E87-BA99-2C832AE338CB}.Release|Any CPU.ActiveCfg = Release|Any CPU
		{1A6E4A14-20DF-4E87-BA99-2C832AE338CB}.Release|Any CPU.Build.0 = Release|Any CPU
		{510E4B67-9C81-4BE6-AEB4-0EF4BC7F2916}.Debug|Any CPU.ActiveCfg = Debug|Any CPU
		{510E4B67-9C81-4BE6-AEB4-0EF4BC7F2916}.Debug|Any CPU.Build.0 = Debug|Any CPU
		{510E4B67-9C81-4BE6-AEB4-0EF4BC7F2916}.Release|Any CPU.ActiveCfg = Release|Any CPU
		{510E4B67-9C81-4BE6-AEB4-0EF4BC7F2916}.Release|Any CPU.Build.0 = Release|Any CPU
	EndGlobalSection
	GlobalSection(SolutionProperties) = preSolution
		HideSolutionNode = FALSE
	EndGlobalSection
	GlobalSection(NestedProjects) = preSolution
		{DA75F7ED-1397-413C-9B0D-F845CB907E37} = {EA7362EB-A0D8-4CE9-AEBF-EACE4E6689C2}
		{B106D4A0-71C3-4E47-A2CC-A869FB5B5D34} = {EA7362EB-A0D8-4CE9-AEBF-EACE4E6689C2}
		{510E4B67-9C81-4BE6-AEB4-0EF4BC7F2916} = {EA7362EB-A0D8-4CE9-AEBF-EACE4E6689C2}
		{39942B87-99E7-4C40-BBEF-150869939C3E} = {9649AD4E-4331-4959-B50B-57C13726D9AF}
		{E026BA61-127C-49BE-A02C-13094598410F} = {9649AD4E-4331-4959-B50B-57C13726D9AF}
		{1A6E4A14-20DF-4E87-BA99-2C832AE338CB} = {9649AD4E-4331-4959-B50B-57C13726D9AF}
	EndGlobalSection
EndGlobal
