
Microsoft Visual Studio Solution File, Format Version 12.00
# Visual Studio 2012
Project("{E24C65DC-7377-472B-9ABA-BC803B73C61A}") = "Chapter07-CS", "http://localhost:32165", "{965379B2-C64D-4565-8E3B-8D0D30A08702}"
	ProjectSection(WebsiteProperties) = preProject
		UseIISExpress = "true"
		TargetFrameworkMoniker = ".NETFramework,Version%3Dv4.5"
		ProjectReferences = "{B14077AE-C181-4DCD-8D98-32B3294B9688}|CSharpServerControl1.dll;{809070A5-0112-4588-B440-2C06DA1EFC5B}|VbServerControl1.dll;"
		Debug.AspNetCompiler.VirtualPath = "/localhost_32165"
		Debug.AspNetCompiler.PhysicalPath = "..\..\WebSites\Chapter07-CS\"
		Debug.AspNetCompiler.TargetPath = "PrecompiledWeb\localhost_32165\"
		Debug.AspNetCompiler.Updateable = "true"
		Debug.AspNetCompiler.ForceOverwrite = "true"
		Debug.AspNetCompiler.FixedNames = "false"
		Debug.AspNetCompiler.Debug = "True"
		Release.AspNetCompiler.VirtualPath = "/localhost_32165"
		Release.AspNetCompiler.PhysicalPath = "..\..\WebSites\Chapter07-CS\"
		Release.AspNetCompiler.TargetPath = "PrecompiledWeb\localhost_32165\"
		Release.AspNetCompiler.Updateable = "true"
		Release.AspNetCompiler.ForceOverwrite = "true"
		Release.AspNetCompiler.FixedNames = "false"
		Release.AspNetCompiler.Debug = "False"
		SlnRelativePath = "..\..\WebSites\Chapter07-CS\"
		DefaultWebSiteLanguage = "Visual C#"
	EndProjectSection
EndProject
Project("{E24C65DC-7377-472B-9ABA-BC803B73C61A}") = "Chapter07-VB", "http://localhost:32166", "{DD09432C-AA19-4EA4-AAAD-44DE0E196C95}"
	ProjectSection(WebsiteProperties) = preProject
		UseIISExpress = "true"
		TargetFrameworkMoniker = ".NETFramework,Version%3Dv4.5"
		ProjectReferences = "{809070A5-0112-4588-B440-2C06DA1EFC5B}|VbServerControl1.dll;"
		Debug.AspNetCompiler.VirtualPath = "/localhost_32166"
		Debug.AspNetCompiler.PhysicalPath = "..\..\WebSites\Chapter07-VB\"
		Debug.AspNetCompiler.TargetPath = "PrecompiledWeb\localhost_32166\"
		Debug.AspNetCompiler.Updateable = "true"
		Debug.AspNetCompiler.ForceOverwrite = "true"
		Debug.AspNetCompiler.FixedNames = "false"
		Debug.AspNetCompiler.Debug = "True"
		Release.AspNetCompiler.VirtualPath = "/localhost_32166"
		Release.AspNetCompiler.PhysicalPath = "..\..\WebSites\Chapter07-VB\"
		Release.AspNetCompiler.TargetPath = "PrecompiledWeb\localhost_32166\"
		Release.AspNetCompiler.Updateable = "true"
		Release.AspNetCompiler.ForceOverwrite = "true"
		Release.AspNetCompiler.FixedNames = "false"
		Release.AspNetCompiler.Debug = "False"
		SlnRelativePath = "..\..\WebSites\Chapter07-VB\"
		DefaultWebSiteLanguage = "Visual C#"
	EndProjectSection
EndProject
Project("{FAE04EC0-301F-11D3-BF4B-00C04F79EFBC}") = "CSharpServerControl1", "CSharpServerControl1\CSharpServerControl1.csproj", "{B14077AE-C181-4DCD-8D98-32B3294B9688}"
EndProject
Project("{F184B08F-C81C-45F6-A57F-5ABD9991F28F}") = "VbServerControl1", "VbServerControl1\VbServerControl1.vbproj", "{809070A5-0112-4588-B440-2C06DA1EFC5B}"
EndProject
Global
	GlobalSection(SolutionConfigurationPlatforms) = preSolution
		Debug|Any CPU = Debug|Any CPU
		Release|Any CPU = Release|Any CPU
	EndGlobalSection
	GlobalSection(ProjectConfigurationPlatforms) = postSolution
		{965379B2-C64D-4565-8E3B-8D0D30A08702}.Debug|Any CPU.ActiveCfg = Debug|Any CPU
		{965379B2-C64D-4565-8E3B-8D0D30A08702}.Debug|Any CPU.Build.0 = Debug|Any CPU
		{965379B2-C64D-4565-8E3B-8D0D30A08702}.Release|Any CPU.ActiveCfg = Debug|Any CPU
		{965379B2-C64D-4565-8E3B-8D0D30A08702}.Release|Any CPU.Build.0 = Debug|Any CPU
		{DD09432C-AA19-4EA4-AAAD-44DE0E196C95}.Debug|Any CPU.ActiveCfg = Debug|Any CPU
		{DD09432C-AA19-4EA4-AAAD-44DE0E196C95}.Debug|Any CPU.Build.0 = Debug|Any CPU
		{DD09432C-AA19-4EA4-AAAD-44DE0E196C95}.Release|Any CPU.ActiveCfg = Debug|Any CPU
		{DD09432C-AA19-4EA4-AAAD-44DE0E196C95}.Release|Any CPU.Build.0 = Debug|Any CPU
		{B14077AE-C181-4DCD-8D98-32B3294B9688}.Debug|Any CPU.ActiveCfg = Debug|Any CPU
		{B14077AE-C181-4DCD-8D98-32B3294B9688}.Debug|Any CPU.Build.0 = Debug|Any CPU
		{B14077AE-C181-4DCD-8D98-32B3294B9688}.Release|Any CPU.ActiveCfg = Release|Any CPU
		{B14077AE-C181-4DCD-8D98-32B3294B9688}.Release|Any CPU.Build.0 = Release|Any CPU
		{809070A5-0112-4588-B440-2C06DA1EFC5B}.Debug|Any CPU.ActiveCfg = Debug|Any CPU
		{809070A5-0112-4588-B440-2C06DA1EFC5B}.Debug|Any CPU.Build.0 = Debug|Any CPU
		{809070A5-0112-4588-B440-2C06DA1EFC5B}.Release|Any CPU.ActiveCfg = Release|Any CPU
		{809070A5-0112-4588-B440-2C06DA1EFC5B}.Release|Any CPU.Build.0 = Release|Any CPU
	EndGlobalSection
	GlobalSection(SolutionProperties) = preSolution
		HideSolutionNode = FALSE
	EndGlobalSection
EndGlobal
