
Microsoft Visual Studio Solution File, Format Version 12.00
# Visual Studio 2012
Project("{FAE04EC0-301F-11D3-BF4B-00C04F79EFBC}") = "MvcBasicCS", "MvcBasicCS\MvcBasicCS.csproj", "{3D231370-7A31-47D3-A9B4-CEEE48A5C574}"
EndProject
Project("{FAE04EC0-301F-11D3-BF4B-00C04F79EFBC}") = "MvcBasicCS.Tests", "MvcBasicCS.Tests\MvcBasicCS.Tests.csproj", "{2CA7E34B-6808-4DEE-85FC-1ED67A22831D}"
EndProject
Global
	GlobalSection(SolutionConfigurationPlatforms) = preSolution
		Debug|Any CPU = Debug|Any CPU
		Release|Any CPU = Release|Any CPU
	EndGlobalSection
	GlobalSection(ProjectConfigurationPlatforms) = postSolution
		{3D231370-7A31-47D3-A9B4-CEEE48A5C574}.Debug|Any CPU.ActiveCfg = Debug|Any CPU
		{3D231370-7A31-47D3-A9B4-CEEE48A5C574}.Debug|Any CPU.Build.0 = Debug|Any CPU
		{3D231370-7A31-47D3-A9B4-CEEE48A5C574}.Release|Any CPU.ActiveCfg = Release|Any CPU
		{3D231370-7A31-47D3-A9B4-CEEE48A5C574}.Release|Any CPU.Build.0 = Release|Any CPU
		{2CA7E34B-6808-4DEE-85FC-1ED67A22831D}.Debug|Any CPU.ActiveCfg = Debug|Any CPU
		{2CA7E34B-6808-4DEE-85FC-1ED67A22831D}.Debug|Any CPU.Build.0 = Debug|Any CPU
		{2CA7E34B-6808-4DEE-85FC-1ED67A22831D}.Release|Any CPU.ActiveCfg = Release|Any CPU
		{2CA7E34B-6808-4DEE-85FC-1ED67A22831D}.Release|Any CPU.Build.0 = Release|Any CPU
	EndGlobalSection
	GlobalSection(SolutionProperties) = preSolution
		HideSolutionNode = FALSE
	EndGlobalSection
EndGlobal
